// !$*UTF8*$!
{
	archiveVersion = 1;
	classes = {
	};
	objectVersion = 46;
	objects = {

/* Begin PBXBuildFile section */
		4F3A6BA41ACFC16C00CA65F7 /* StripeNativeManager.m in Sources */ = {isa = PBXBuildFile; fileRef = 4F3A6BA21ACFC16C00CA65F7 /* StripeNativeManager.m */; };
		D81E58851C48498600C114CB /* PaymentViewController.m in Sources */ = {isa = PBXBuildFile; fileRef = D81E58821C48498600C114CB /* PaymentViewController.m */; };
/* End PBXBuildFile section */

/* Begin PBXCopyFilesBuildPhase section */
		4F3A6B591ACFBCC500CA65F7 /* CopyFiles */ = {
			isa = PBXCopyFilesBuildPhase;
			buildActionMask = 2147483647;
			dstPath = "include/$(PRODUCT_NAME)";
			dstSubfolderSpec = 16;
			files = (
			);
			runOnlyForDeploymentPostprocessing = 0;
		};
/* End PBXCopyFilesBuildPhase section */

/* Begin PBXFileReference section */
		4F3A6B5B1ACFBCC500CA65F7 /* libStripeNative.a */ = {isa = PBXFileReference; explicitFileType = archive.ar; includeInIndex = 0; path = libStripeNative.a; sourceTree = BUILT_PRODUCTS_DIR; };
		4F3A6BA11ACFC16C00CA65F7 /* StripeNativeManager.h */ = {isa = PBXFileReference; fileEncoding = 4; lastKnownFileType = sourcecode.c.h; name = StripeNativeManager.h; path = StripeNative/StripeNativeManager.h; sourceTree = "<group>"; };
		4F3A6BA21ACFC16C00CA65F7 /* StripeNativeManager.m */ = {isa = PBXFileReference; fileEncoding = 4; lastKnownFileType = sourcecode.c.objc; name = StripeNativeManager.m; path = StripeNative/StripeNativeManager.m; sourceTree = "<group>"; };
		D81E58811C48498600C114CB /* PaymentViewController.h */ = {isa = PBXFileReference; fileEncoding = 4; lastKnownFileType = sourcecode.c.h; name = PaymentViewController.h; path = StripeNative/PaymentViewController.h; sourceTree = "<group>"; };
		D81E58821C48498600C114CB /* PaymentViewController.m */ = {isa = PBXFileReference; fileEncoding = 4; lastKnownFileType = sourcecode.c.objc; name = PaymentViewController.m; path = StripeNative/PaymentViewController.m; sourceTree = "<group>"; };
/* End PBXFileReference section */

/* Begin PBXFrameworksBuildPhase section */
		4F3A6B581ACFBCC500CA65F7 /* Frameworks */ = {
			isa = PBXFrameworksBuildPhase;
			buildActionMask = 2147483647;
			files = (
			);
			runOnlyForDeploymentPostprocessing = 0;
		};
/* End PBXFrameworksBuildPhase section */

/* Begin PBXGroup section */
		4F3A6B521ACFBCC500CA65F7 = {
			isa = PBXGroup;
			children = (
				D81E58811C48498600C114CB /* PaymentViewController.h */,
				D81E58821C48498600C114CB /* PaymentViewController.m */,
				4F3A6BA11ACFC16C00CA65F7 /* StripeNativeManager.h */,
				4F3A6BA21ACFC16C00CA65F7 /* StripeNativeManager.m */,
				4F3A6B5C1ACFBCC500CA65F7 /* Products */,
			);
			sourceTree = "<group>";
		};
		4F3A6B5C1ACFBCC500CA65F7 /* Products */ = {
			isa = PBXGroup;
			children = (
				4F3A6B5B1ACFBCC500CA65F7 /* libStripeNative.a */,
			);
			name = Products;
			sourceTree = "<group>";
		};
/* End PBXGroup section */

/* Begin PBXNativeTarget section */
		4F3A6B5A1ACFBCC500CA65F7 /* StripeNative */ = {
			isa = PBXNativeTarget;
			buildConfigurationList = 4F3A6B6F1ACFBCC500CA65F7 /* Build configuration list for PBXNativeTarget "StripeNative" */;
			buildPhases = (
				4F3A6B571ACFBCC500CA65F7 /* Sources */,
				4F3A6B581ACFBCC500CA65F7 /* Frameworks */,
				4F3A6B591ACFBCC500CA65F7 /* CopyFiles */,
			);
			buildRules = (
			);
			dependencies = (
			);
			name = StripeNative;
			productName = StripeNative;
			productReference = 4F3A6B5B1ACFBCC500CA65F7 /* libStripeNative.a */;
			productType = "com.apple.product-type.library.static";
		};
/* End PBXNativeTarget section */

/* Begin PBXProject section */
		4F3A6B531ACFBCC500CA65F7 /* Project object */ = {
			isa = PBXProject;
			attributes = {
				LastUpgradeCheck = 0620;
				ORGANIZATIONNAME = "Lane Rettig";
				TargetAttributes = {
					4F3A6B5A1ACFBCC500CA65F7 = {
						CreatedOnToolsVersion = 6.2;
					};
				};
			};
			buildConfigurationList = 4F3A6B561ACFBCC500CA65F7 /* Build configuration list for PBXProject "StripeNative" */;
			compatibilityVersion = "Xcode 3.2";
			developmentRegion = English;
			hasScannedForEncodings = 0;
			knownRegions = (
				en,
			);
			mainGroup = 4F3A6B521ACFBCC500CA65F7;
			productRefGroup = 4F3A6B5C1ACFBCC500CA65F7 /* Products */;
			projectDirPath = "";
			projectRoot = "";
			targets = (
				4F3A6B5A1ACFBCC500CA65F7 /* StripeNative */,
			);
		};
/* End PBXProject section */

/* Begin PBXSourcesBuildPhase section */
		4F3A6B571ACFBCC500CA65F7 /* Sources */ = {
			isa = PBXSourcesBuildPhase;
			buildActionMask = 2147483647;
			files = (
				D81E58851C48498600C114CB /* PaymentViewController.m in Sources */,
				4F3A6BA41ACFC16C00CA65F7 /* StripeNativeManager.m in Sources */,
			);
			runOnlyForDeploymentPostprocessing = 0;
		};
/* End PBXSourcesBuildPhase section */

/* Begin XCBuildConfiguration section */
		4F3A6B6D1ACFBCC500CA65F7 /* Debug */ = {
			isa = XCBuildConfiguration;
			buildSettings = {
				ALWAYS_SEARCH_USER_PATHS = NO;
				CLANG_CXX_LANGUAGE_STANDARD = "gnu++0x";
				CLANG_CXX_LIBRARY = "libc++";
				CLANG_ENABLE_MODULES = YES;
				CLANG_ENABLE_OBJC_ARC = YES;
				CLANG_WARN_BOOL_CONVERSION = YES;
				CLANG_WARN_CONSTANT_CONVERSION = YES;
				CLANG_WARN_DIRECT_OBJC_ISA_USAGE = YES_ERROR;
				CLANG_WARN_EMPTY_BODY = YES;
				CLANG_WARN_ENUM_CONVERSION = YES;
				CLANG_WARN_INT_CONVERSION = YES;
				CLANG_WARN_OBJC_ROOT_CLASS = YES_ERROR;
				CLANG_WARN_UNREACHABLE_CODE = YES;
				CLANG_WARN__DUPLICATE_METHOD_MATCH = YES;
				COPY_PHASE_STRIP = NO;
				ENABLE_STRICT_OBJC_MSGSEND = YES;
				GCC_C_LANGUAGE_STANDARD = gnu99;
				GCC_DYNAMIC_NO_PIC = NO;
				GCC_OPTIMIZATION_LEVEL = 0;
				GCC_PREPROCESSOR_DEFINITIONS = (
					"DEBUG=1",
					"$(inherited)",
				);
				GCC_SYMBOLS_PRIVATE_EXTERN = NO;
				GCC_WARN_64_TO_32_BIT_CONVERSION = YES;
				GCC_WARN_ABOUT_RETURN_TYPE = YES_ERROR;
				GCC_WARN_UNDECLARED_SELECTOR = YES;
				GCC_WARN_UNINITIALIZED_AUTOS = YES_AGGRESSIVE;
				GCC_WARN_UNUSED_FUNCTION = YES;
				GCC_WARN_UNUSED_VARIABLE = YES;
				IPHONEOS_DEPLOYMENT_TARGET = 7.0;
				MTL_ENABLE_DEBUG_INFO = YES;
				ONLY_ACTIVE_ARCH = YES;
				SDKROOT = iphoneos;
			};
			name = Debug;
		};
		4F3A6B6E1ACFBCC500CA65F7 /* Release */ = {
			isa = XCBuildConfiguration;
			buildSettings = {
				ALWAYS_SEARCH_USER_PATHS = NO;
				CLANG_CXX_LANGUAGE_STANDARD = "gnu++0x";
				CLANG_CXX_LIBRARY = "libc++";
				CLANG_ENABLE_MODULES = YES;
				CLANG_ENABLE_OBJC_ARC = YES;
				CLANG_WARN_BOOL_CONVERSION = YES;
				CLANG_WARN_CONSTANT_CONVERSION = YES;
				CLANG_WARN_DIRECT_OBJC_ISA_USAGE = YES_ERROR;
				CLANG_WARN_EMPTY_BODY = YES;
				CLANG_WARN_ENUM_CONVERSION = YES;
				CLANG_WARN_INT_CONVERSION = YES;
				CLANG_WARN_OBJC_ROOT_CLASS = YES_ERROR;
				CLANG_WARN_UNREACHABLE_CODE = YES;
				CLANG_WARN__DUPLICATE_METHOD_MATCH = YES;
				COPY_PHASE_STRIP = NO;
				ENABLE_NS_ASSERTIONS = NO;
				ENABLE_STRICT_OBJC_MSGSEND = YES;
				GCC_C_LANGUAGE_STANDARD = gnu99;
				GCC_WARN_64_TO_32_BIT_CONVERSION = YES;
				GCC_WARN_ABOUT_RETURN_TYPE = YES_ERROR;
				GCC_WARN_UNDECLARED_SELECTOR = YES;
				GCC_WARN_UNINITIALIZED_AUTOS = YES_AGGRESSIVE;
				GCC_WARN_UNUSED_FUNCTION = YES;
				GCC_WARN_UNUSED_VARIABLE = YES;
				IPHONEOS_DEPLOYMENT_TARGET = 7.0;
				MTL_ENABLE_DEBUG_INFO = NO;
				SDKROOT = iphoneos;
				VALIDATE_PRODUCT = YES;
			};
			name = Release;
		};
		4F3A6B701ACFBCC500CA65F7 /* Debug */ = {
			isa = XCBuildConfiguration;
			buildSettings = {
				FRAMEWORK_SEARCH_PATHS = (
					"$(inherited)",
					"$(PROJECT_DIR)",
				);
				HEADER_SEARCH_PATHS = (
					"$(inherited)",
					/Applications/Xcode.app/Contents/Developer/Toolchains/XcodeDefault.xctoolchain/usr/include,
					"$(SRCROOT)/../react-native/React/**",
					"$(SRCROOT)/example/node_modules/react-native/React/**",
				);
				OTHER_LDFLAGS = "-ObjC";
				PRODUCT_NAME = StripeNative;
				SKIP_INSTALL = YES;
			};
			name = Debug;
		};
		4F3A6B711ACFBCC500CA65F7 /* Release */ = {
			isa = XCBuildConfiguration;
			buildSettings = {
				FRAMEWORK_SEARCH_PATHS = (
					"$(inherited)",
					"$(PROJECT_DIR)",
				);
				HEADER_SEARCH_PATHS = (
					"$(inherited)",
					/Applications/Xcode.app/Contents/Developer/Toolchains/XcodeDefault.xctoolchain/usr/include,
					"$(SRCROOT)/../react-native/React/**",
					"$(SRCROOT)/example/node_modules/react-native/React/**",
				);
				OTHER_LDFLAGS = "-ObjC";
				PRODUCT_NAME = StripeNative;
				SKIP_INSTALL = YES;
			};
			name = Release;
		};
/* End XCBuildConfiguration section */

/* Begin XCConfigurationList section */
		4F3A6B561ACFBCC500CA65F7 /* Build configuration list for PBXProject "StripeNative" */ = {
			isa = XCConfigurationList;
			buildConfigurations = (
				4F3A6B6D1ACFBCC500CA65F7 /* Debug */,
				4F3A6B6E1ACFBCC500CA65F7 /* Release */,
			);
			defaultConfigurationIsVisible = 0;
			defaultConfigurationName = Release;
		};
		4F3A6B6F1ACFBCC500CA65F7 /* Build configuration list for PBXNativeTarget "StripeNative" */ = {
			isa = XCConfigurationList;
			buildConfigurations = (
				4F3A6B701ACFBCC500CA65F7 /* Debug */,
				4F3A6B711ACFBCC500CA65F7 /* Release */,
			);
			defaultConfigurationIsVisible = 0;
			defaultConfigurationName = Release;
		};
/* End XCConfigurationList section */
	};
	rootObject = 4F3A6B531ACFBCC500CA65F7 /* Project object */;
}
